Microsoft Visual Studio Solution File, Format Version 12.00
# Visual Studio Version 17
VisualStudioVersion = 17.5.2.0
MinimumVisualStudioVersion = 10.0.40219.1
Project("{2150E333-8FDC-42A3-9474-1A3956D46DE8}") = "Tourist_Agency", "Tourist_Agency", "{FABBBD3D-EAD4-2D3B-F0B8-9AF37BBCA479}"
EndProject
Project("{FAE04EC0-301F-11D3-BF4B-00C04F79EFBC}") = "Tourist_Agency", "Tourist_Agency\Tourist_Agency\Tourist_Agency.csproj", "{D8431D5F-7DCD-BA8E-881D-13D7E88863D6}"
EndProject
Global
	GlobalSection(SolutionConfigurationPlatforms) = preSolution
		Debug|Any CPU = Debug|Any CPU
		Release|Any CPU = Release|Any CPU
	EndGlobalSection
	GlobalSection(ProjectConfigurationPlatforms) = postSolution
		{D8431D5F-7DCD-BA8E-881D-13D7E88863D6}.Debug|Any CPU.ActiveCfg = Debug|Any CPU
		{D8431D5F-7DCD-BA8E-881D-13D7E88863D6}.Debug|Any CPU.Build.0 = Debug|Any CPU
		{D8431D5F-7DCD-BA8E-881D-13D7E88863D6}.Release|Any CPU.ActiveCfg = Release|Any CPU
		{D8431D5F-7DCD-BA8E-881D-13D7E88863D6}.Release|Any CPU.Build.0 = Release|Any CPU
	EndGlobalSection
	GlobalSection(SolutionProperties) = preSolution
		HideSolutionNode = FALSE
	EndGlobalSection
	GlobalSection(NestedProjects) = preSolution
		{D8431D5F-7DCD-BA8E-881D-13D7E88863D6} = {FABBBD3D-EAD4-2D3B-F0B8-9AF37BBCA479}
	EndGlobalSection
	GlobalSection(ExtensibilityGlobals) = postSolution
		SolutionGuid = {856D40B8-0BED-4293-ABA9-98A0CCFF028E}
	EndGlobalSection
EndGlobal
